
Microsoft Visual Studio Solution File, Format Version 12.00
# Visual Studio Version 17
VisualStudioVersion = 17.7.34031.279
MinimumVisualStudioVersion = 10.0.40219.1
Project("{FAE04EC0-301F-11D3-BF4B-00C04F79EFBC}") = "Ball Class", "Ball Class\Ball Class.csproj", "{575B04A8-2474-4296-B41C-AC4AE8EC49C8}"
EndProject
Global
	GlobalSection(SolutionConfigurationPlatforms) = preSolution
		Debug|Any CPU = Debug|Any CPU
		Release|Any CPU = Release|Any CPU
	EndGlobalSection
	GlobalSection(ProjectConfigurationPlatforms) = postSolution
		{575B04A8-2474-4296-B41C-AC4AE8EC49C8}.Debug|Any CPU.ActiveCfg = Debug|Any CPU
		{575B04A8-2474-4296-B41C-AC4AE8EC49C8}.Debug|Any CPU.Build.0 = Debug|Any CPU
		{575B04A8-2474-4296-B41C-AC4AE8EC49C8}.Release|Any CPU.ActiveCfg = Release|Any CPU
		{575B04A8-2474-4296-B41C-AC4AE8EC49C8}.Release|Any CPU.Build.0 = Release|Any CPU
	EndGlobalSection
	GlobalSection(SolutionProperties) = preSolution
		HideSolutionNode = FALSE
	EndGlobalSection
	GlobalSection(ExtensibilityGlobals) = postSolution
		SolutionGuid = {8F599869-EA44-4AF8-A7AC-D9BAA45C1E8B}
	EndGlobalSection
EndGlobal
